
Microsoft Visual Studio Solution File, Format Version 12.00
# Visual Studio Version 17
VisualStudioVersion = 17.0.31710.8
MinimumVisualStudioVersion = 10.0.40219.1
Project("{8BC9CEB8-8B4A-11D0-8D11-00A0C91BC942}") = "LABA_1", "LABA_1\LABA_1.vcxproj", "{E0EBE2BC-7242-432A-9589-62C260F8B3DF}"
EndProject
Global
	GlobalSection(SolutionConfigurationPlatforms) = preSolution
		Debug|x64 = Debug|x64
		Debug|x86 = Debug|x86
		Release|x64 = Release|x64
		Release|x86 = Release|x86
	EndGlobalSection
	GlobalSection(ProjectConfigurationPlatforms) = postSolution
		{E0EBE2BC-7242-432A-9589-62C260F8B3DF}.Debug|x64.ActiveCfg = Debug|x64
		{E0EBE2BC-7242-432A-9589-62C260F8B3DF}.Debug|x64.Build.0 = Debug|x64
		{E0EBE2BC-7242-432A-9589-62C260F8B3DF}.Debug|x86.ActiveCfg = Debug|Win32
		{E0EBE2BC-7242-432A-9589-62C260F8B3DF}.Debug|x86.Build.0 = Debug|Win32
		{E0EBE2BC-7242-432A-9589-62C260F8B3DF}.Release|x64.ActiveCfg = Release|x64
		{E0EBE2BC-7242-432A-9589-62C260F8B3DF}.Release|x64.Build.0 = Release|x64
		{E0EBE2BC-7242-432A-9589-62C260F8B3DF}.Release|x86.ActiveCfg = Release|Win32
		{E0EBE2BC-7242-432A-9589-62C260F8B3DF}.Release|x86.Build.0 = Release|Win32
	EndGlobalSection
	GlobalSection(SolutionProperties) = preSolution
		HideSolutionNode = FALSE
	EndGlobalSection
	GlobalSection(ExtensibilityGlobals) = postSolution
		SolutionGuid = {4C00C055-008A-4633-8B7C-A40422814163}
	EndGlobalSection
EndGlobal
